
Microsoft Visual Studio Solution File, Format Version 12.00
# Visual Studio Version 16
VisualStudioVersion = 16.0.29709.97
MinimumVisualStudioVersion = 10.0.40219.1
Project("{FAE04EC0-301F-11D3-BF4B-00C04F79EFBC}") = "Super_Chat", "Super_Chat.csproj", "{BDE31722-886B-4412-9F08-F99297264D57}"
EndProject
Global
	GlobalSection(SolutionConfigurationPlatforms) = preSolution
		Debug|Any CPU = Debug|Any CPU
		Release|Any CPU = Release|Any CPU
	EndGlobalSection
	GlobalSection(ProjectConfigurationPlatforms) = postSolution
		{BDE31722-886B-4412-9F08-F99297264D57}.Debug|Any CPU.ActiveCfg = Debug|Any CPU
		{BDE31722-886B-4412-9F08-F99297264D57}.Debug|Any CPU.Build.0 = Debug|Any CPU
		{BDE31722-886B-4412-9F08-F99297264D57}.Release|Any CPU.ActiveCfg = Release|Any CPU
		{BDE31722-886B-4412-9F08-F99297264D57}.Release|Any CPU.Build.0 = Release|Any CPU
	EndGlobalSection
	GlobalSection(SolutionProperties) = preSolution
		HideSolutionNode = FALSE
	EndGlobalSection
	GlobalSection(ExtensibilityGlobals) = postSolution
		SolutionGuid = {33A6894D-022C-43B3-BE64-039434699072}
	EndGlobalSection
EndGlobal
